
Microsoft Visual Studio Solution File, Format Version 12.00
# Visual Studio Version 17
VisualStudioVersion = 17.3.32825.248
MinimumVisualStudioVersion = 10.0.40219.1
Project("{FAE04EC0-301F-11D3-BF4B-00C04F79EFBC}") = "cchess_con", "cchess_con.csproj", "{AD4B0C15-805A-44EF-9834-BCA6EA08476D}"
EndProject
Global
	GlobalSection(SolutionConfigurationPlatforms) = preSolution
		Debug|Any CPU = Debug|Any CPU
		Release|Any CPU = Release|Any CPU
	EndGlobalSection
	GlobalSection(ProjectConfigurationPlatforms) = postSolution
		{AD4B0C15-805A-44EF-9834-BCA6EA08476D}.Debug|Any CPU.ActiveCfg = Debug|Any CPU
		{AD4B0C15-805A-44EF-9834-BCA6EA08476D}.Debug|Any CPU.Build.0 = Debug|Any CPU
		{AD4B0C15-805A-44EF-9834-BCA6EA08476D}.Release|Any CPU.ActiveCfg = Release|Any CPU
		{AD4B0C15-805A-44EF-9834-BCA6EA08476D}.Release|Any CPU.Build.0 = Release|Any CPU
	EndGlobalSection
	GlobalSection(SolutionProperties) = preSolution
		HideSolutionNode = FALSE
	EndGlobalSection
	GlobalSection(ExtensibilityGlobals) = postSolution
		SolutionGuid = {BA6E987A-07F7-41D9-8DD8-BB1ED96FD039}
	EndGlobalSection
EndGlobal
